
Microsoft Visual Studio Solution File, Format Version 12.00
# Visual Studio 15
VisualStudioVersion = 15.0.27428.2037
MinimumVisualStudioVersion = 10.0.40219.1
Project("{FAE04EC0-301F-11D3-BF4B-00C04F79EFBC}") = "PigLatinCapstone1", "PigLatinCapstone1\PigLatinCapstone1.csproj", "{7083F5DF-4B88-421A-926B-3EA17AC9C198}"
EndProject
Global
	GlobalSection(SolutionConfigurationPlatforms) = preSolution
		Debug|Any CPU = Debug|Any CPU
		Release|Any CPU = Release|Any CPU
	EndGlobalSection
	GlobalSection(ProjectConfigurationPlatforms) = postSolution
		{7083F5DF-4B88-421A-926B-3EA17AC9C198}.Debug|Any CPU.ActiveCfg = Debug|Any CPU
		{7083F5DF-4B88-421A-926B-3EA17AC9C198}.Debug|Any CPU.Build.0 = Debug|Any CPU
		{7083F5DF-4B88-421A-926B-3EA17AC9C198}.Release|Any CPU.ActiveCfg = Release|Any CPU
		{7083F5DF-4B88-421A-926B-3EA17AC9C198}.Release|Any CPU.Build.0 = Release|Any CPU
	EndGlobalSection
	GlobalSection(SolutionProperties) = preSolution
		HideSolutionNode = FALSE
	EndGlobalSection
	GlobalSection(ExtensibilityGlobals) = postSolution
		SolutionGuid = {6F51B350-C236-44A0-B30F-A7AA726FF3CE}
	EndGlobalSection
EndGlobal
